
Microsoft Visual Studio Solution File, Format Version 12.00
# Visual Studio Version 17
VisualStudioVersion = 17.7.34031.279
MinimumVisualStudioVersion = 10.0.40219.1
Project("{9A19103F-16F7-4668-BE54-9A1E7A4F7556}") = "credit-card-processor", "credit-card-processor\credit-card-processor.csproj", "{5CDFFA38-5A23-4A1F-B084-A09F2F725317}"
EndProject
Project("{9A19103F-16F7-4668-BE54-9A1E7A4F7556}") = "point-of-sale", "point-of-sale\point-of-sale.csproj", "{F9A6DDE9-3623-47E0-ACAD-BD8BD3503D70}"
EndProject
Project("{9A19103F-16F7-4668-BE54-9A1E7A4F7556}") = "components", "components\components.csproj", "{DF7AE306-B647-4047-AC99-C37B6ACD3928}"
EndProject
Project("{9A19103F-16F7-4668-BE54-9A1E7A4F7556}") = "sales-collector", "sales-collector\sales-collector.csproj", "{38866F5D-F615-4061-A86F-F12A0315332C}"
EndProject
Project("{9A19103F-16F7-4668-BE54-9A1E7A4F7556}") = "salesqsubscriber", "salesqsubscriber\salesqsubscriber.csproj", "{5ECFC1A1-AEEF-4DD3-9A93-D1ED626F9E06}"
EndProject
Project("{9A19103F-16F7-4668-BE54-9A1E7A4F7556}") = "csca5028BlazorApp2", "csca5028BlazorApp2\csca5028BlazorApp2.csproj", "{95D6BE11-CD71-4BFC-99B4-F6C4504E075C}"
EndProject
Project("{2150E333-8FDC-42A3-9474-1A3956D46DE8}") = "Solution Items", "Solution Items", "{49897B38-9A5D-4C36-BCBF-EA4043A14415}"
EndProject
Project("{2150E333-8FDC-42A3-9474-1A3956D46DE8}") = "dashboards", "dashboards", "{A4118238-0994-4BEF-BD7B-26DEB3D11E53}"
	ProjectSection(SolutionItems) = preProject
		dashboards\readme.txt = dashboards\readme.txt
	EndProjectSection
EndProject
Project("{FAE04EC0-301F-11D3-BF4B-00C04F79EFBC}") = "csca5028.final.project.tests", "csca5028.final.project.tests\csca5028.final.project.tests.csproj", "{529A7266-DA31-448F-AEA9-195B95CD1DA3}"
EndProject
Global
	GlobalSection(SolutionConfigurationPlatforms) = preSolution
		Debug|Any CPU = Debug|Any CPU
		Release|Any CPU = Release|Any CPU
	EndGlobalSection
	GlobalSection(ProjectConfigurationPlatforms) = postSolution
		{5CDFFA38-5A23-4A1F-B084-A09F2F725317}.Debug|Any CPU.ActiveCfg = Debug|Any CPU
		{5CDFFA38-5A23-4A1F-B084-A09F2F725317}.Debug|Any CPU.Build.0 = Debug|Any CPU
		{5CDFFA38-5A23-4A1F-B084-A09F2F725317}.Release|Any CPU.ActiveCfg = Release|Any CPU
		{5CDFFA38-5A23-4A1F-B084-A09F2F725317}.Release|Any CPU.Build.0 = Release|Any CPU
		{F9A6DDE9-3623-47E0-ACAD-BD8BD3503D70}.Debug|Any CPU.ActiveCfg = Debug|Any CPU
		{F9A6DDE9-3623-47E0-ACAD-BD8BD3503D70}.Debug|Any CPU.Build.0 = Debug|Any CPU
		{F9A6DDE9-3623-47E0-ACAD-BD8BD3503D70}.Release|Any CPU.ActiveCfg = Release|Any CPU
		{F9A6DDE9-3623-47E0-ACAD-BD8BD3503D70}.Release|Any CPU.Build.0 = Release|Any CPU
		{DF7AE306-B647-4047-AC99-C37B6ACD3928}.Debug|Any CPU.ActiveCfg = Debug|Any CPU
		{DF7AE306-B647-4047-AC99-C37B6ACD3928}.Debug|Any CPU.Build.0 = Debug|Any CPU
		{DF7AE306-B647-4047-AC99-C37B6ACD3928}.Release|Any CPU.ActiveCfg = Release|Any CPU
		{DF7AE306-B647-4047-AC99-C37B6ACD3928}.Release|Any CPU.Build.0 = Release|Any CPU
		{38866F5D-F615-4061-A86F-F12A0315332C}.Debug|Any CPU.ActiveCfg = Debug|Any CPU
		{38866F5D-F615-4061-A86F-F12A0315332C}.Debug|Any CPU.Build.0 = Debug|Any CPU
		{38866F5D-F615-4061-A86F-F12A0315332C}.Release|Any CPU.ActiveCfg = Release|Any CPU
		{38866F5D-F615-4061-A86F-F12A0315332C}.Release|Any CPU.Build.0 = Release|Any CPU
		{5ECFC1A1-AEEF-4DD3-9A93-D1ED626F9E06}.Debug|Any CPU.ActiveCfg = Debug|Any CPU
		{5ECFC1A1-AEEF-4DD3-9A93-D1ED626F9E06}.Debug|Any CPU.Build.0 = Debug|Any CPU
		{5ECFC1A1-AEEF-4DD3-9A93-D1ED626F9E06}.Release|Any CPU.ActiveCfg = Release|Any CPU
		{5ECFC1A1-AEEF-4DD3-9A93-D1ED626F9E06}.Release|Any CPU.Build.0 = Release|Any CPU
		{95D6BE11-CD71-4BFC-99B4-F6C4504E075C}.Debug|Any CPU.ActiveCfg = Debug|Any CPU
		{95D6BE11-CD71-4BFC-99B4-F6C4504E075C}.Debug|Any CPU.Build.0 = Debug|Any CPU
		{95D6BE11-CD71-4BFC-99B4-F6C4504E075C}.Release|Any CPU.ActiveCfg = Release|Any CPU
		{95D6BE11-CD71-4BFC-99B4-F6C4504E075C}.Release|Any CPU.Build.0 = Release|Any CPU
		{529A7266-DA31-448F-AEA9-195B95CD1DA3}.Debug|Any CPU.ActiveCfg = Debug|Any CPU
		{529A7266-DA31-448F-AEA9-195B95CD1DA3}.Debug|Any CPU.Build.0 = Debug|Any CPU
		{529A7266-DA31-448F-AEA9-195B95CD1DA3}.Release|Any CPU.ActiveCfg = Release|Any CPU
		{529A7266-DA31-448F-AEA9-195B95CD1DA3}.Release|Any CPU.Build.0 = Release|Any CPU
	EndGlobalSection
	GlobalSection(SolutionProperties) = preSolution
		HideSolutionNode = FALSE
	EndGlobalSection
	GlobalSection(NestedProjects) = preSolution
		{A4118238-0994-4BEF-BD7B-26DEB3D11E53} = {49897B38-9A5D-4C36-BCBF-EA4043A14415}
	EndGlobalSection
	GlobalSection(ExtensibilityGlobals) = postSolution
		SolutionGuid = {4324CAE3-EC65-4C1F-A5D1-8537D503003C}
	EndGlobalSection
EndGlobal
