
Microsoft Visual Studio Solution File, Format Version 12.00
# Visual Studio Version 17
VisualStudioVersion = 17.7.34031.279
MinimumVisualStudioVersion = 10.0.40219.1
Project("{FAE04EC0-301F-11D3-BF4B-00C04F79EFBC}") = "credit-card-processor", "credit-card-processor\credit-card-processor.csproj", "{5CDFFA38-5A23-4A1F-B084-A09F2F725317}"
EndProject
Global
	GlobalSection(SolutionConfigurationPlatforms) = preSolution
		Debug|Any CPU = Debug|Any CPU
		Release|Any CPU = Release|Any CPU
	EndGlobalSection
	GlobalSection(ProjectConfigurationPlatforms) = postSolution
		{5CDFFA38-5A23-4A1F-B084-A09F2F725317}.Debug|Any CPU.ActiveCfg = Debug|Any CPU
		{5CDFFA38-5A23-4A1F-B084-A09F2F725317}.Debug|Any CPU.Build.0 = Debug|Any CPU
		{5CDFFA38-5A23-4A1F-B084-A09F2F725317}.Release|Any CPU.ActiveCfg = Release|Any CPU
		{5CDFFA38-5A23-4A1F-B084-A09F2F725317}.Release|Any CPU.Build.0 = Release|Any CPU
	EndGlobalSection
	GlobalSection(SolutionProperties) = preSolution
		HideSolutionNode = FALSE
	EndGlobalSection
	GlobalSection(ExtensibilityGlobals) = postSolution
		SolutionGuid = {4324CAE3-EC65-4C1F-A5D1-8537D503003C}
	EndGlobalSection
EndGlobal
